// !$*UTF8*$!
{
	archiveVersion = 1;
	classes = {
	};
	objectVersion = 55;
	objects = {

/* Begin PBXBuildFile section */
		5B9C53482887278F00543856 /* AppDelegate.swift in Sources */ = {isa = PBXBuildFile; fileRef = 5B9C53472887278F00543856 /* AppDelegate.swift */; };
		5B9C534C2887278F00543856 /* ViewController.swift in Sources */ = {isa = PBXBuildFile; fileRef = 5B9C534B2887278F00543856 /* ViewController.swift */; };
		5B9C53512887279300543856 /* Assets.xcassets in Resources */ = {isa = PBXBuildFile; fileRef = 5B9C53502887279300543856 /* Assets.xcassets */; };
		5B9C53542887279300543856 /* LaunchScreen.storyboard in Resources */ = {isa = PBXBuildFile; fileRef = 5B9C53522887279300543856 /* LaunchScreen.storyboard */; };
		5B9C535F2887279300543856 /* StarkBankTests.swift in Sources */ = {isa = PBXBuildFile; fileRef = 5B9C535E2887279300543856 /* StarkBankTests.swift */; };
		5B9C53692887279300543856 /* StarkBankUITests.swift in Sources */ = {isa = PBXBuildFile; fileRef = 5B9C53682887279300543856 /* StarkBankUITests.swift */; };
		5B9C536B2887279300543856 /* StarkBankUITestsLaunchTests.swift in Sources */ = {isa = PBXBuildFile; fileRef = 5B9C536A2887279300543856 /* StarkBankUITestsLaunchTests.swift */; };
		5B9C537A28872AB400543856 /* MovieListView.swift in Sources */ = {isa = PBXBuildFile; fileRef = 5B9C537928872AB400543856 /* MovieListView.swift */; };
		5B9C537E28872AED00543856 /* MovieListViewController.swift in Sources */ = {isa = PBXBuildFile; fileRef = 5B9C537D28872AED00543856 /* MovieListViewController.swift */; };
		5B9C538028872AFB00543856 /* MovieViewModel.swift in Sources */ = {isa = PBXBuildFile; fileRef = 5B9C537F28872AFB00543856 /* MovieViewModel.swift */; };
		5B9C53832887305B00543856 /* MovieListDataSource.swift in Sources */ = {isa = PBXBuildFile; fileRef = 5B9C53822887305B00543856 /* MovieListDataSource.swift */; };
/* End PBXBuildFile section */

/* Begin PBXContainerItemProxy section */
		5B9C535B2887279300543856 /* PBXContainerItemProxy */ = {
			isa = PBXContainerItemProxy;
			containerPortal = 5B9C533C2887278F00543856 /* Project object */;
			proxyType = 1;
			remoteGlobalIDString = 5B9C53432887278F00543856;
			remoteInfo = StarkBank;
		};
		5B9C53652887279300543856 /* PBXContainerItemProxy */ = {
			isa = PBXContainerItemProxy;
			containerPortal = 5B9C533C2887278F00543856 /* Project object */;
			proxyType = 1;
			remoteGlobalIDString = 5B9C53432887278F00543856;
			remoteInfo = StarkBank;
		};
/* End PBXContainerItemProxy section */

/* Begin PBXFileReference section */
		5B9C53442887278F00543856 /* StarkBank.app */ = {isa = PBXFileReference; explicitFileType = wrapper.application; includeInIndex = 0; path = StarkBank.app; sourceTree = BUILT_PRODUCTS_DIR; };
		5B9C53472887278F00543856 /* AppDelegate.swift */ = {isa = PBXFileReference; lastKnownFileType = sourcecode.swift; path = AppDelegate.swift; sourceTree = "<group>"; };
		5B9C534B2887278F00543856 /* ViewController.swift */ = {isa = PBXFileReference; lastKnownFileType = sourcecode.swift; path = ViewController.swift; sourceTree = "<group>"; };
		5B9C53502887279300543856 /* Assets.xcassets */ = {isa = PBXFileReference; lastKnownFileType = folder.assetcatalog; path = Assets.xcassets; sourceTree = "<group>"; };
		5B9C53532887279300543856 /* Base */ = {isa = PBXFileReference; lastKnownFileType = file.storyboard; name = Base; path = Base.lproj/LaunchScreen.storyboard; sourceTree = "<group>"; };
		5B9C53552887279300543856 /* Info.plist */ = {isa = PBXFileReference; lastKnownFileType = text.plist.xml; path = Info.plist; sourceTree = "<group>"; };
		5B9C535A2887279300543856 /* StarkBankTests.xctest */ = {isa = PBXFileReference; explicitFileType = wrapper.cfbundle; includeInIndex = 0; path = StarkBankTests.xctest; sourceTree = BUILT_PRODUCTS_DIR; };
		5B9C535E2887279300543856 /* StarkBankTests.swift */ = {isa = PBXFileReference; lastKnownFileType = sourcecode.swift; path = StarkBankTests.swift; sourceTree = "<group>"; };
		5B9C53642887279300543856 /* StarkBankUITests.xctest */ = {isa = PBXFileReference; explicitFileType = wrapper.cfbundle; includeInIndex = 0; path = StarkBankUITests.xctest; sourceTree = BUILT_PRODUCTS_DIR; };
		5B9C53682887279300543856 /* StarkBankUITests.swift */ = {isa = PBXFileReference; lastKnownFileType = sourcecode.swift; path = StarkBankUITests.swift; sourceTree = "<group>"; };
		5B9C536A2887279300543856 /* StarkBankUITestsLaunchTests.swift */ = {isa = PBXFileReference; lastKnownFileType = sourcecode.swift; path = StarkBankUITestsLaunchTests.swift; sourceTree = "<group>"; };
		5B9C537928872AB400543856 /* MovieListView.swift */ = {isa = PBXFileReference; lastKnownFileType = sourcecode.swift; path = MovieListView.swift; sourceTree = "<group>"; };
		5B9C537D28872AED00543856 /* MovieListViewController.swift */ = {isa = PBXFileReference; lastKnownFileType = sourcecode.swift; path = MovieListViewController.swift; sourceTree = "<group>"; };
		5B9C537F28872AFB00543856 /* MovieViewModel.swift */ = {isa = PBXFileReference; lastKnownFileType = sourcecode.swift; path = MovieViewModel.swift; sourceTree = "<group>"; };
		5B9C53822887305B00543856 /* MovieListDataSource.swift */ = {isa = PBXFileReference; lastKnownFileType = sourcecode.swift; path = MovieListDataSource.swift; sourceTree = "<group>"; };
/* End PBXFileReference section */

/* Begin PBXFrameworksBuildPhase section */
		5B9C53412887278F00543856 /* Frameworks */ = {
			isa = PBXFrameworksBuildPhase;
			buildActionMask = 2147483647;
			files = (
			);
			runOnlyForDeploymentPostprocessing = 0;
		};
		5B9C53572887279300543856 /* Frameworks */ = {
			isa = PBXFrameworksBuildPhase;
			buildActionMask = 2147483647;
			files = (
			);
			runOnlyForDeploymentPostprocessing = 0;
		};
		5B9C53612887279300543856 /* Frameworks */ = {
			isa = PBXFrameworksBuildPhase;
			buildActionMask = 2147483647;
			files = (
			);
			runOnlyForDeploymentPostprocessing = 0;
		};
/* End PBXFrameworksBuildPhase section */

/* Begin PBXGroup section */
		5B9C533B2887278F00543856 = {
			isa = PBXGroup;
			children = (
				5B9C53462887278F00543856 /* StarkBank */,
				5B9C535D2887279300543856 /* StarkBankTests */,
				5B9C53672887279300543856 /* StarkBankUITests */,
				5B9C53452887278F00543856 /* Products */,
			);
			sourceTree = "<group>";
		};
		5B9C53452887278F00543856 /* Products */ = {
			isa = PBXGroup;
			children = (
				5B9C53442887278F00543856 /* StarkBank.app */,
				5B9C535A2887279300543856 /* StarkBankTests.xctest */,
				5B9C53642887279300543856 /* StarkBankUITests.xctest */,
			);
			name = Products;
			sourceTree = "<group>";
		};
		5B9C53462887278F00543856 /* StarkBank */ = {
			isa = PBXGroup;
			children = (
				5B9C537728872A8C00543856 /* MovieListFeature */,
				5B9C53472887278F00543856 /* AppDelegate.swift */,
				5B9C534B2887278F00543856 /* ViewController.swift */,
				5B9C53502887279300543856 /* Assets.xcassets */,
				5B9C53522887279300543856 /* LaunchScreen.storyboard */,
				5B9C53552887279300543856 /* Info.plist */,
			);
			path = StarkBank;
			sourceTree = "<group>";
		};
		5B9C535D2887279300543856 /* StarkBankTests */ = {
			isa = PBXGroup;
			children = (
				5B9C535E2887279300543856 /* StarkBankTests.swift */,
			);
			path = StarkBankTests;
			sourceTree = "<group>";
		};
		5B9C53672887279300543856 /* StarkBankUITests */ = {
			isa = PBXGroup;
			children = (
				5B9C53682887279300543856 /* StarkBankUITests.swift */,
				5B9C536A2887279300543856 /* StarkBankUITestsLaunchTests.swift */,
			);
			path = StarkBankUITests;
			sourceTree = "<group>";
		};
		5B9C537728872A8C00543856 /* MovieListFeature */ = {
			isa = PBXGroup;
			children = (
				5B9C53812887302B00543856 /* Data */,
				5B9C537C28872ACC00543856 /* ViewModels */,
				5B9C537B28872AC500543856 /* ViewControllers */,
				5B9C537828872A9800543856 /* Views */,
			);
			path = MovieListFeature;
			sourceTree = "<group>";
		};
		5B9C537828872A9800543856 /* Views */ = {
			isa = PBXGroup;
			children = (
				5B9C537928872AB400543856 /* MovieListView.swift */,
			);
			path = Views;
			sourceTree = "<group>";
		};
		5B9C537B28872AC500543856 /* ViewControllers */ = {
			isa = PBXGroup;
			children = (
				5B9C537D28872AED00543856 /* MovieListViewController.swift */,
			);
			path = ViewControllers;
			sourceTree = "<group>";
		};
		5B9C537C28872ACC00543856 /* ViewModels */ = {
			isa = PBXGroup;
			children = (
				5B9C537F28872AFB00543856 /* MovieViewModel.swift */,
			);
			path = ViewModels;
			sourceTree = "<group>";
		};
		5B9C53812887302B00543856 /* Data */ = {
			isa = PBXGroup;
			children = (
				5B9C53822887305B00543856 /* MovieListDataSource.swift */,
			);
			path = Data;
			sourceTree = "<group>";
		};
/* End PBXGroup section */

/* Begin PBXNativeTarget section */
		5B9C53432887278F00543856 /* StarkBank */ = {
			isa = PBXNativeTarget;
			buildConfigurationList = 5B9C536E2887279300543856 /* Build configuration list for PBXNativeTarget "StarkBank" */;
			buildPhases = (
				5B9C53402887278F00543856 /* Sources */,
				5B9C53412887278F00543856 /* Frameworks */,
				5B9C53422887278F00543856 /* Resources */,
			);
			buildRules = (
			);
			dependencies = (
			);
			name = StarkBank;
			productName = StarkBank;
			productReference = 5B9C53442887278F00543856 /* StarkBank.app */;
			productType = "com.apple.product-type.application";
		};
		5B9C53592887279300543856 /* StarkBankTests */ = {
			isa = PBXNativeTarget;
			buildConfigurationList = 5B9C53712887279300543856 /* Build configuration list for PBXNativeTarget "StarkBankTests" */;
			buildPhases = (
				5B9C53562887279300543856 /* Sources */,
				5B9C53572887279300543856 /* Frameworks */,
				5B9C53582887279300543856 /* Resources */,
			);
			buildRules = (
			);
			dependencies = (
				5B9C535C2887279300543856 /* PBXTargetDependency */,
			);
			name = StarkBankTests;
			productName = StarkBankTests;
			productReference = 5B9C535A2887279300543856 /* StarkBankTests.xctest */;
			productType = "com.apple.product-type.bundle.unit-test";
		};
		5B9C53632887279300543856 /* StarkBankUITests */ = {
			isa = PBXNativeTarget;
			buildConfigurationList = 5B9C53742887279300543856 /* Build configuration list for PBXNativeTarget "StarkBankUITests" */;
			buildPhases = (
				5B9C53602887279300543856 /* Sources */,
				5B9C53612887279300543856 /* Frameworks */,
				5B9C53622887279300543856 /* Resources */,
			);
			buildRules = (
			);
			dependencies = (
				5B9C53662887279300543856 /* PBXTargetDependency */,
			);
			name = StarkBankUITests;
			productName = StarkBankUITests;
			productReference = 5B9C53642887279300543856 /* StarkBankUITests.xctest */;
			productType = "com.apple.product-type.bundle.ui-testing";
		};
/* End PBXNativeTarget section */

/* Begin PBXProject section */
		5B9C533C2887278F00543856 /* Project object */ = {
			isa = PBXProject;
			attributes = {
				BuildIndependentTargetsInParallel = 1;
				LastSwiftUpdateCheck = 1340;
				LastUpgradeCheck = 1340;
				TargetAttributes = {
					5B9C53432887278F00543856 = {
						CreatedOnToolsVersion = 13.4.1;
					};
					5B9C53592887279300543856 = {
						CreatedOnToolsVersion = 13.4.1;
						TestTargetID = 5B9C53432887278F00543856;
					};
					5B9C53632887279300543856 = {
						CreatedOnToolsVersion = 13.4.1;
						TestTargetID = 5B9C53432887278F00543856;
					};
				};
			};
			buildConfigurationList = 5B9C533F2887278F00543856 /* Build configuration list for PBXProject "StarkBank" */;
			compatibilityVersion = "Xcode 13.0";
			developmentRegion = en;
			hasScannedForEncodings = 0;
			knownRegions = (
				en,
				Base,
			);
			mainGroup = 5B9C533B2887278F00543856;
			productRefGroup = 5B9C53452887278F00543856 /* Products */;
			projectDirPath = "";
			projectRoot = "";
			targets = (
				5B9C53432887278F00543856 /* StarkBank */,
				5B9C53592887279300543856 /* StarkBankTests */,
				5B9C53632887279300543856 /* StarkBankUITests */,
			);
		};
/* End PBXProject section */

/* Begin PBXResourcesBuildPhase section */
		5B9C53422887278F00543856 /* Resources */ = {
			isa = PBXResourcesBuildPhase;
			buildActionMask = 2147483647;
			files = (
				5B9C53542887279300543856 /* LaunchScreen.storyboard in Resources */,
				5B9C53512887279300543856 /* Assets.xcassets in Resources */,
			);
			runOnlyForDeploymentPostprocessing = 0;
		};
		5B9C53582887279300543856 /* Resources */ = {
			isa = PBXResourcesBuildPhase;
			buildActionMask = 2147483647;
			files = (
			);
			runOnlyForDeploymentPostprocessing = 0;
		};
		5B9C53622887279300543856 /* Resources */ = {
			isa = PBXResourcesBuildPhase;
			buildActionMask = 2147483647;
			files = (
			);
			runOnlyForDeploymentPostprocessing = 0;
		};
/* End PBXResourcesBuildPhase section */

/* Begin PBXSourcesBuildPhase section */
		5B9C53402887278F00543856 /* Sources */ = {
			isa = PBXSourcesBuildPhase;
			buildActionMask = 2147483647;
			files = (
				5B9C534C2887278F00543856 /* ViewController.swift in Sources */,
				5B9C538028872AFB00543856 /* MovieViewModel.swift in Sources */,
				5B9C53482887278F00543856 /* AppDelegate.swift in Sources */,
				5B9C53832887305B00543856 /* MovieListDataSource.swift in Sources */,
				5B9C537A28872AB400543856 /* MovieListView.swift in Sources */,
				5B9C537E28872AED00543856 /* MovieListViewController.swift in Sources */,
			);
			runOnlyForDeploymentPostprocessing = 0;
		};
		5B9C53562887279300543856 /* Sources */ = {
			isa = PBXSourcesBuildPhase;
			buildActionMask = 2147483647;
			files = (
				5B9C535F2887279300543856 /* StarkBankTests.swift in Sources */,
			);
			runOnlyForDeploymentPostprocessing = 0;
		};
		5B9C53602887279300543856 /* Sources */ = {
			isa = PBXSourcesBuildPhase;
			buildActionMask = 2147483647;
			files = (
				5B9C536B2887279300543856 /* StarkBankUITestsLaunchTests.swift in Sources */,
				5B9C53692887279300543856 /* StarkBankUITests.swift in Sources */,
			);
			runOnlyForDeploymentPostprocessing = 0;
		};
/* End PBXSourcesBuildPhase section */

/* Begin PBXTargetDependency section */
		5B9C535C2887279300543856 /* PBXTargetDependency */ = {
			isa = PBXTargetDependency;
			target = 5B9C53432887278F00543856 /* StarkBank */;
			targetProxy = 5B9C535B2887279300543856 /* PBXContainerItemProxy */;
		};
		5B9C53662887279300543856 /* PBXTargetDependency */ = {
			isa = PBXTargetDependency;
			target = 5B9C53432887278F00543856 /* StarkBank */;
			targetProxy = 5B9C53652887279300543856 /* PBXContainerItemProxy */;
		};
/* End PBXTargetDependency section */

/* Begin PBXVariantGroup section */
		5B9C53522887279300543856 /* LaunchScreen.storyboard */ = {
			isa = PBXVariantGroup;
			children = (
				5B9C53532887279300543856 /* Base */,
			);
			name = LaunchScreen.storyboard;
			sourceTree = "<group>";
		};
/* End PBXVariantGroup section */

/* Begin XCBuildConfiguration section */
		5B9C536C2887279300543856 /* Debug */ = {
			isa = XCBuildConfiguration;
			buildSettings = {
				ALWAYS_SEARCH_USER_PATHS = NO;
				CLANG_ANALYZER_NONNULL = YES;
				CLANG_ANALYZER_NUMBER_OBJECT_CONVERSION = YES_AGGRESSIVE;
				CLANG_CXX_LANGUAGE_STANDARD = "gnu++17";
				CLANG_ENABLE_MODULES = YES;
				CLANG_ENABLE_OBJC_ARC = YES;
				CLANG_ENABLE_OBJC_WEAK = YES;
				CLANG_WARN_BLOCK_CAPTURE_AUTORELEASING = YES;
				CLANG_WARN_BOOL_CONVERSION = YES;
				CLANG_WARN_COMMA = YES;
				CLANG_WARN_CONSTANT_CONVERSION = YES;
				CLANG_WARN_DEPRECATED_OBJC_IMPLEMENTATIONS = YES;
				CLANG_WARN_DIRECT_OBJC_ISA_USAGE = YES_ERROR;
				CLANG_WARN_DOCUMENTATION_COMMENTS = YES;
				CLANG_WARN_EMPTY_BODY = YES;
				CLANG_WARN_ENUM_CONVERSION = YES;
				CLANG_WARN_INFINITE_RECURSION = YES;
				CLANG_WARN_INT_CONVERSION = YES;
				CLANG_WARN_NON_LITERAL_NULL_CONVERSION = YES;
				CLANG_WARN_OBJC_IMPLICIT_RETAIN_SELF = YES;
				CLANG_WARN_OBJC_LITERAL_CONVERSION = YES;
				CLANG_WARN_OBJC_ROOT_CLASS = YES_ERROR;
				CLANG_WARN_QUOTED_INCLUDE_IN_FRAMEWORK_HEADER = YES;
				CLANG_WARN_RANGE_LOOP_ANALYSIS = YES;
				CLANG_WARN_STRICT_PROTOTYPES = YES;
				CLANG_WARN_SUSPICIOUS_MOVE = YES;
				CLANG_WARN_UNGUARDED_AVAILABILITY = YES_AGGRESSIVE;
				CLANG_WARN_UNREACHABLE_CODE = YES;
				CLANG_WARN__DUPLICATE_METHOD_MATCH = YES;
				COPY_PHASE_STRIP = NO;
				DEBUG_INFORMATION_FORMAT = dwarf;
				ENABLE_STRICT_OBJC_MSGSEND = YES;
				ENABLE_TESTABILITY = YES;
				GCC_C_LANGUAGE_STANDARD = gnu11;
				GCC_DYNAMIC_NO_PIC = NO;
				GCC_NO_COMMON_BLOCKS = YES;
				GCC_OPTIMIZATION_LEVEL = 0;
				GCC_PREPROCESSOR_DEFINITIONS = (
					"DEBUG=1",
					"$(inherited)",
				);
				GCC_WARN_64_TO_32_BIT_CONVERSION = YES;
				GCC_WARN_ABOUT_RETURN_TYPE = YES_ERROR;
				GCC_WARN_UNDECLARED_SELECTOR = YES;
				GCC_WARN_UNINITIALIZED_AUTOS = YES_AGGRESSIVE;
				GCC_WARN_UNUSED_FUNCTION = YES;
				GCC_WARN_UNUSED_VARIABLE = YES;
				IPHONEOS_DEPLOYMENT_TARGET = 15.5;
				MTL_ENABLE_DEBUG_INFO = INCLUDE_SOURCE;
				MTL_FAST_MATH = YES;
				ONLY_ACTIVE_ARCH = YES;
				SDKROOT = iphoneos;
				SWIFT_ACTIVE_COMPILATION_CONDITIONS = DEBUG;
				SWIFT_OPTIMIZATION_LEVEL = "-Onone";
			};
			name = Debug;
		};
		5B9C536D2887279300543856 /* Release */ = {
			isa = XCBuildConfiguration;
			buildSettings = {
				ALWAYS_SEARCH_USER_PATHS = NO;
				CLANG_ANALYZER_NONNULL = YES;
				CLANG_ANALYZER_NUMBER_OBJECT_CONVERSION = YES_AGGRESSIVE;
				CLANG_CXX_LANGUAGE_STANDARD = "gnu++17";
				CLANG_ENABLE_MODULES = YES;
				CLANG_ENABLE_OBJC_ARC = YES;
				CLANG_ENABLE_OBJC_WEAK = YES;
				CLANG_WARN_BLOCK_CAPTURE_AUTORELEASING = YES;
				CLANG_WARN_BOOL_CONVERSION = YES;
				CLANG_WARN_COMMA = YES;
				CLANG_WARN_CONSTANT_CONVERSION = YES;
				CLANG_WARN_DEPRECATED_OBJC_IMPLEMENTATIONS = YES;
				CLANG_WARN_DIRECT_OBJC_ISA_USAGE = YES_ERROR;
				CLANG_WARN_DOCUMENTATION_COMMENTS = YES;
				CLANG_WARN_EMPTY_BODY = YES;
				CLANG_WARN_ENUM_CONVERSION = YES;
				CLANG_WARN_INFINITE_RECURSION = YES;
				CLANG_WARN_INT_CONVERSION = YES;
				CLANG_WARN_NON_LITERAL_NULL_CONVERSION = YES;
				CLANG_WARN_OBJC_IMPLICIT_RETAIN_SELF = YES;
				CLANG_WARN_OBJC_LITERAL_CONVERSION = YES;
				CLANG_WARN_OBJC_ROOT_CLASS = YES_ERROR;
				CLANG_WARN_QUOTED_INCLUDE_IN_FRAMEWORK_HEADER = YES;
				CLANG_WARN_RANGE_LOOP_ANALYSIS = YES;
				CLANG_WARN_STRICT_PROTOTYPES = YES;
				CLANG_WARN_SUSPICIOUS_MOVE = YES;
				CLANG_WARN_UNGUARDED_AVAILABILITY = YES_AGGRESSIVE;
				CLANG_WARN_UNREACHABLE_CODE = YES;
				CLANG_WARN__DUPLICATE_METHOD_MATCH = YES;
				COPY_PHASE_STRIP = NO;
				DEBUG_INFORMATION_FORMAT = "dwarf-with-dsym";
				ENABLE_NS_ASSERTIONS = NO;
				ENABLE_STRICT_OBJC_MSGSEND = YES;
				GCC_C_LANGUAGE_STANDARD = gnu11;
				GCC_NO_COMMON_BLOCKS = YES;
				GCC_WARN_64_TO_32_BIT_CONVERSION = YES;
				GCC_WARN_ABOUT_RETURN_TYPE = YES_ERROR;
				GCC_WARN_UNDECLARED_SELECTOR = YES;
				GCC_WARN_UNINITIALIZED_AUTOS = YES_AGGRESSIVE;
				GCC_WARN_UNUSED_FUNCTION = YES;
				GCC_WARN_UNUSED_VARIABLE = YES;
				IPHONEOS_DEPLOYMENT_TARGET = 15.5;
				MTL_ENABLE_DEBUG_INFO = NO;
				MTL_FAST_MATH = YES;
				SDKROOT = iphoneos;
				SWIFT_COMPILATION_MODE = wholemodule;
				SWIFT_OPTIMIZATION_LEVEL = "-O";
				VALIDATE_PRODUCT = YES;
			};
			name = Release;
		};
		5B9C536F2887279300543856 /* Debug */ = {
			isa = XCBuildConfiguration;
			buildSettings = {
				ASSETCATALOG_COMPILER_APPICON_NAME = AppIcon;
				ASSETCATALOG_COMPILER_GLOBAL_ACCENT_COLOR_NAME = AccentColor;
				CODE_SIGN_STYLE = Automatic;
				CURRENT_PROJECT_VERSION = 1;
				DEVELOPMENT_TEAM = WK7599VNDW;
				GENERATE_INFOPLIST_FILE = YES;
				INFOPLIST_FILE = StarkBank/Info.plist;
				INFOPLIST_KEY_UIApplicationSupportsIndirectInputEvents = YES;
				INFOPLIST_KEY_UILaunchStoryboardName = LaunchScreen;
				INFOPLIST_KEY_UISupportedInterfaceOrientations_iPad = "UIInterfaceOrientationPortrait UIInterfaceOrientationPortraitUpsideDown UIInterfaceOrientationLandscapeLeft UIInterfaceOrientationLandscapeRight";
				INFOPLIST_KEY_UISupportedInterfaceOrientations_iPhone = "UIInterfaceOrientationPortrait UIInterfaceOrientationLandscapeLeft UIInterfaceOrientationLandscapeRight";
				IPHONEOS_DEPLOYMENT_TARGET = 9.0;
				LD_RUNPATH_SEARCH_PATHS = (
					"$(inherited)",
					"@executable_path/Frameworks",
				);
				MARKETING_VERSION = 1.0;
				PRODUCT_BUNDLE_IDENTIFIER = com.gbrlcm.StarkBank;
				PRODUCT_NAME = "$(TARGET_NAME)";
				SWIFT_EMIT_LOC_STRINGS = YES;
				SWIFT_VERSION = 5.0;
				TARGETED_DEVICE_FAMILY = "1,2";
			};
			name = Debug;
		};
		5B9C53702887279300543856 /* Release */ = {
			isa = XCBuildConfiguration;
			buildSettings = {
				ASSETCATALOG_COMPILER_APPICON_NAME = AppIcon;
				ASSETCATALOG_COMPILER_GLOBAL_ACCENT_COLOR_NAME = AccentColor;
				CODE_SIGN_STYLE = Automatic;
				CURRENT_PROJECT_VERSION = 1;
				DEVELOPMENT_TEAM = WK7599VNDW;
				GENERATE_INFOPLIST_FILE = YES;
				INFOPLIST_FILE = StarkBank/Info.plist;
				INFOPLIST_KEY_UIApplicationSupportsIndirectInputEvents = YES;
				INFOPLIST_KEY_UILaunchStoryboardName = LaunchScreen;
				INFOPLIST_KEY_UISupportedInterfaceOrientations_iPad = "UIInterfaceOrientationPortrait UIInterfaceOrientationPortraitUpsideDown UIInterfaceOrientationLandscapeLeft UIInterfaceOrientationLandscapeRight";
				INFOPLIST_KEY_UISupportedInterfaceOrientations_iPhone = "UIInterfaceOrientationPortrait UIInterfaceOrientationLandscapeLeft UIInterfaceOrientationLandscapeRight";
				IPHONEOS_DEPLOYMENT_TARGET = 9.0;
				LD_RUNPATH_SEARCH_PATHS = (
					"$(inherited)",
					"@executable_path/Frameworks",
				);
				MARKETING_VERSION = 1.0;
				PRODUCT_BUNDLE_IDENTIFIER = com.gbrlcm.StarkBank;
				PRODUCT_NAME = "$(TARGET_NAME)";
				SWIFT_EMIT_LOC_STRINGS = YES;
				SWIFT_VERSION = 5.0;
				TARGETED_DEVICE_FAMILY = "1,2";
			};
			name = Release;
		};
		5B9C53722887279300543856 /* Debug */ = {
			isa = XCBuildConfiguration;
			buildSettings = {
				ALWAYS_EMBED_SWIFT_STANDARD_LIBRARIES = YES;
				BUNDLE_LOADER = "$(TEST_HOST)";
				CODE_SIGN_STYLE = Automatic;
				CURRENT_PROJECT_VERSION = 1;
				DEVELOPMENT_TEAM = WK7599VNDW;
				GENERATE_INFOPLIST_FILE = YES;
				IPHONEOS_DEPLOYMENT_TARGET = 15.5;
				MARKETING_VERSION = 1.0;
				PRODUCT_BUNDLE_IDENTIFIER = com.gbrlcm.StarkBankTests;
				PRODUCT_NAME = "$(TARGET_NAME)";
				SWIFT_EMIT_LOC_STRINGS = NO;
				SWIFT_VERSION = 5.0;
				TARGETED_DEVICE_FAMILY = "1,2";
				TEST_HOST = "$(BUILT_PRODUCTS_DIR)/StarkBank.app/StarkBank";
			};
			name = Debug;
		};
		5B9C53732887279300543856 /* Release */ = {
			isa = XCBuildConfiguration;
			buildSettings = {
				ALWAYS_EMBED_SWIFT_STANDARD_LIBRARIES = YES;
				BUNDLE_LOADER = "$(TEST_HOST)";
				CODE_SIGN_STYLE = Automatic;
				CURRENT_PROJECT_VERSION = 1;
				DEVELOPMENT_TEAM = WK7599VNDW;
				GENERATE_INFOPLIST_FILE = YES;
				IPHONEOS_DEPLOYMENT_TARGET = 15.5;
				MARKETING_VERSION = 1.0;
				PRODUCT_BUNDLE_IDENTIFIER = com.gbrlcm.StarkBankTests;
				PRODUCT_NAME = "$(TARGET_NAME)";
				SWIFT_EMIT_LOC_STRINGS = NO;
				SWIFT_VERSION = 5.0;
				TARGETED_DEVICE_FAMILY = "1,2";
				TEST_HOST = "$(BUILT_PRODUCTS_DIR)/StarkBank.app/StarkBank";
			};
			name = Release;
		};
		5B9C53752887279300543856 /* Debug */ = {
			isa = XCBuildConfiguration;
			buildSettings = {
				ALWAYS_EMBED_SWIFT_STANDARD_LIBRARIES = YES;
				CODE_SIGN_STYLE = Automatic;
				CURRENT_PROJECT_VERSION = 1;
				DEVELOPMENT_TEAM = WK7599VNDW;
				GENERATE_INFOPLIST_FILE = YES;
				MARKETING_VERSION = 1.0;
				PRODUCT_BUNDLE_IDENTIFIER = com.gbrlcm.StarkBankUITests;
				PRODUCT_NAME = "$(TARGET_NAME)";
				SWIFT_EMIT_LOC_STRINGS = NO;
				SWIFT_VERSION = 5.0;
				TARGETED_DEVICE_FAMILY = "1,2";
				TEST_TARGET_NAME = StarkBank;
			};
			name = Debug;
		};
		5B9C53762887279300543856 /* Release */ = {
			isa = XCBuildConfiguration;
			buildSettings = {
				ALWAYS_EMBED_SWIFT_STANDARD_LIBRARIES = YES;
				CODE_SIGN_STYLE = Automatic;
				CURRENT_PROJECT_VERSION = 1;
				DEVELOPMENT_TEAM = WK7599VNDW;
				GENERATE_INFOPLIST_FILE = YES;
				MARKETING_VERSION = 1.0;
				PRODUCT_BUNDLE_IDENTIFIER = com.gbrlcm.StarkBankUITests;
				PRODUCT_NAME = "$(TARGET_NAME)";
				SWIFT_EMIT_LOC_STRINGS = NO;
				SWIFT_VERSION = 5.0;
				TARGETED_DEVICE_FAMILY = "1,2";
				TEST_TARGET_NAME = StarkBank;
			};
			name = Release;
		};
/* End XCBuildConfiguration section */

/* Begin XCConfigurationList section */
		5B9C533F2887278F00543856 /* Build configuration list for PBXProject "StarkBank" */ = {
			isa = XCConfigurationList;
			buildConfigurations = (
				5B9C536C2887279300543856 /* Debug */,
				5B9C536D2887279300543856 /* Release */,
			);
			defaultConfigurationIsVisible = 0;
			defaultConfigurationName = Release;
		};
		5B9C536E2887279300543856 /* Build configuration list for PBXNativeTarget "StarkBank" */ = {
			isa = XCConfigurationList;
			buildConfigurations = (
				5B9C536F2887279300543856 /* Debug */,
				5B9C53702887279300543856 /* Release */,
			);
			defaultConfigurationIsVisible = 0;
			defaultConfigurationName = Release;
		};
		5B9C53712887279300543856 /* Build configuration list for PBXNativeTarget "StarkBankTests" */ = {
			isa = XCConfigurationList;
			buildConfigurations = (
				5B9C53722887279300543856 /* Debug */,
				5B9C53732887279300543856 /* Release */,
			);
			defaultConfigurationIsVisible = 0;
			defaultConfigurationName = Release;
		};
		5B9C53742887279300543856 /* Build configuration list for PBXNativeTarget "StarkBankUITests" */ = {
			isa = XCConfigurationList;
			buildConfigurations = (
				5B9C53752887279300543856 /* Debug */,
				5B9C53762887279300543856 /* Release */,
			);
			defaultConfigurationIsVisible = 0;
			defaultConfigurationName = Release;
		};
/* End XCConfigurationList section */
	};
	rootObject = 5B9C533C2887278F00543856 /* Project object */;
}
